
Microsoft Visual Studio Solution File, Format Version 12.00
# Visual Studio Version 17
VisualStudioVersion = 17.5.33424.131
MinimumVisualStudioVersion = 10.0.40219.1
Project("{9A19103F-16F7-4668-BE54-9A1E7A4F7556}") = "ANN.Net", "NeuralNetwork\ANN.Net.csproj", "{4AB65A14-603F-471D-871A-5D658D4CCE87}"
EndProject
Project("{9A19103F-16F7-4668-BE54-9A1E7A4F7556}") = "ANN.Net.Abstractions", "ANN.Net.Abstractions\ANN.Net.Abstractions.csproj", "{8BE436B0-B5E8-4A6C-8AAD-E78DD28209E5}"
EndProject
Project("{2150E333-8FDC-42A3-9474-1A3956D46DE8}") = "Solution Items", "Solution Items", "{ECEADCB5-A590-4BB5-8C43-342D813F6EE6}"
	ProjectSection(SolutionItems) = preProject
		.editorconfig = .editorconfig
		.gitignore = .gitignore
		CODE_OF_CONDUCT.md = CODE_OF_CONDUCT.md
		LICENSE = LICENSE
		README.md = README.md
	EndProjectSection
EndProject
Project("{FAE04EC0-301F-11D3-BF4B-00C04F79EFBC}") = "ANN.Net.Remote.Abstactions", "ANN.Net.Remote.Abstactions\ANN.Net.Remote.Abstactions.csproj", "{137DB0C8-71E7-4DF0-86AC-AD89C33FA9D7}"
EndProject
Project("{FAE04EC0-301F-11D3-BF4B-00C04F79EFBC}") = "ANN.Net.Remote", "ANN.Net.Remote\ANN.Net.Remote.csproj", "{B6A671E8-3FFB-490D-BD59-8F8AA149DBB0}"
EndProject
Global
	GlobalSection(SolutionConfigurationPlatforms) = preSolution
		Debug|Any CPU = Debug|Any CPU
		Release|Any CPU = Release|Any CPU
	EndGlobalSection
	GlobalSection(ProjectConfigurationPlatforms) = postSolution
		{4AB65A14-603F-471D-871A-5D658D4CCE87}.Debug|Any CPU.ActiveCfg = Debug|Any CPU
		{4AB65A14-603F-471D-871A-5D658D4CCE87}.Debug|Any CPU.Build.0 = Debug|Any CPU
		{4AB65A14-603F-471D-871A-5D658D4CCE87}.Release|Any CPU.ActiveCfg = Release|Any CPU
		{4AB65A14-603F-471D-871A-5D658D4CCE87}.Release|Any CPU.Build.0 = Release|Any CPU
		{8BE436B0-B5E8-4A6C-8AAD-E78DD28209E5}.Debug|Any CPU.ActiveCfg = Debug|Any CPU
		{8BE436B0-B5E8-4A6C-8AAD-E78DD28209E5}.Debug|Any CPU.Build.0 = Debug|Any CPU
		{8BE436B0-B5E8-4A6C-8AAD-E78DD28209E5}.Release|Any CPU.ActiveCfg = Release|Any CPU
		{8BE436B0-B5E8-4A6C-8AAD-E78DD28209E5}.Release|Any CPU.Build.0 = Release|Any CPU
		{137DB0C8-71E7-4DF0-86AC-AD89C33FA9D7}.Debug|Any CPU.ActiveCfg = Debug|Any CPU
		{137DB0C8-71E7-4DF0-86AC-AD89C33FA9D7}.Debug|Any CPU.Build.0 = Debug|Any CPU
		{137DB0C8-71E7-4DF0-86AC-AD89C33FA9D7}.Release|Any CPU.ActiveCfg = Release|Any CPU
		{137DB0C8-71E7-4DF0-86AC-AD89C33FA9D7}.Release|Any CPU.Build.0 = Release|Any CPU
		{B6A671E8-3FFB-490D-BD59-8F8AA149DBB0}.Debug|Any CPU.ActiveCfg = Debug|Any CPU
		{B6A671E8-3FFB-490D-BD59-8F8AA149DBB0}.Debug|Any CPU.Build.0 = Debug|Any CPU
		{B6A671E8-3FFB-490D-BD59-8F8AA149DBB0}.Release|Any CPU.ActiveCfg = Release|Any CPU
		{B6A671E8-3FFB-490D-BD59-8F8AA149DBB0}.Release|Any CPU.Build.0 = Release|Any CPU
	EndGlobalSection
	GlobalSection(SolutionProperties) = preSolution
		HideSolutionNode = FALSE
	EndGlobalSection
	GlobalSection(ExtensibilityGlobals) = postSolution
		SolutionGuid = {93DAAEA9-6AF8-4513-BF95-B1F5D3EE8DBB}
	EndGlobalSection
EndGlobal
