
Microsoft Visual Studio Solution File, Format Version 12.00
# Visual Studio Version 16
VisualStudioVersion = 16.0.29721.120
MinimumVisualStudioVersion = 10.0.40219.1
Project("{9A19103F-16F7-4668-BE54-9A1E7A4F7556}") = "NeuralNetwork", "NeuralNetwork\NeuralNetwork.csproj", "{4AB65A14-603F-471D-871A-5D658D4CCE87}"
EndProject
Global
	GlobalSection(SolutionConfigurationPlatforms) = preSolution
		Debug|Any CPU = Debug|Any CPU
		Release|Any CPU = Release|Any CPU
	EndGlobalSection
	GlobalSection(ProjectConfigurationPlatforms) = postSolution
		{4AB65A14-603F-471D-871A-5D658D4CCE87}.Debug|Any CPU.ActiveCfg = Debug|Any CPU
		{4AB65A14-603F-471D-871A-5D658D4CCE87}.Debug|Any CPU.Build.0 = Debug|Any CPU
		{4AB65A14-603F-471D-871A-5D658D4CCE87}.Release|Any CPU.ActiveCfg = Release|Any CPU
		{4AB65A14-603F-471D-871A-5D658D4CCE87}.Release|Any CPU.Build.0 = Release|Any CPU
	EndGlobalSection
	GlobalSection(SolutionProperties) = preSolution
		HideSolutionNode = FALSE
	EndGlobalSection
	GlobalSection(ExtensibilityGlobals) = postSolution
		SolutionGuid = {93DAAEA9-6AF8-4513-BF95-B1F5D3EE8DBB}
	EndGlobalSection
EndGlobal
